
Microsoft Visual Studio Solution File, Format Version 12.00
# Visual Studio Version 17
VisualStudioVersion = 17.0.31903.59
MinimumVisualStudioVersion = 10.0.40219.1
Project("{FAE04EC0-301F-11D3-BF4B-00C04F79EFBC}") = "Autocam.PlanExporter.Core", "Autocam.PlanExporter.Core\Autocam.PlanExporter.Core.csproj", "{76D86E2C-A721-4742-A2E2-B74F35F69A3B}"
EndProject
Project("{FAE04EC0-301F-11D3-BF4B-00C04F79EFBC}") = "Autocam.PlanExporter.Core.Tests", "Autocam.PlanExporter.Core.Tests\Autocam.PlanExporter.Core.Tests.csproj", "{66FE8EA1-5EDF-4BF4-BD35-9B1ECD881444}"
EndProject
Global
	GlobalSection(SolutionConfigurationPlatforms) = preSolution
		Debug|Any CPU = Debug|Any CPU
		Release|Any CPU = Release|Any CPU
	EndGlobalSection
	GlobalSection(SolutionProperties) = preSolution
		HideSolutionNode = FALSE
	EndGlobalSection
	GlobalSection(ProjectConfigurationPlatforms) = postSolution
		{76D86E2C-A721-4742-A2E2-B74F35F69A3B}.Debug|Any CPU.ActiveCfg = Debug|Any CPU
		{76D86E2C-A721-4742-A2E2-B74F35F69A3B}.Debug|Any CPU.Build.0 = Debug|Any CPU
		{76D86E2C-A721-4742-A2E2-B74F35F69A3B}.Release|Any CPU.ActiveCfg = Release|Any CPU
		{76D86E2C-A721-4742-A2E2-B74F35F69A3B}.Release|Any CPU.Build.0 = Release|Any CPU
		{66FE8EA1-5EDF-4BF4-BD35-9B1ECD881444}.Debug|Any CPU.ActiveCfg = Debug|Any CPU
		{66FE8EA1-5EDF-4BF4-BD35-9B1ECD881444}.Debug|Any CPU.Build.0 = Debug|Any CPU
		{66FE8EA1-5EDF-4BF4-BD35-9B1ECD881444}.Release|Any CPU.ActiveCfg = Release|Any CPU
		{66FE8EA1-5EDF-4BF4-BD35-9B1ECD881444}.Release|Any CPU.Build.0 = Release|Any CPU
	EndGlobalSection
EndGlobal
